{
  "nodes": {
    "flake-compat": {
      "flake": false,
      "locked": {
        "lastModified": 1606424373,
        "narHash": "sha256-oq8d4//CJOrVj+EcOaSXvMebvuTkmBJuT5tzlfewUnQ=",
        "owner": "edolstra",
        "repo": "flake-compat",
        "rev": "99f1c2157fba4bfe6211a321fd0ee43199025dbf",
        "type": "github"
      },
      "original": {
        "owner": "edolstra",
        "repo": "flake-compat",
        "type": "github"
      }
    },
    "flake-compat_2": {
      "flake": false,
      "locked": {
        "lastModified": 1606424373,
        "narHash": "sha256-oq8d4//CJOrVj+EcOaSXvMebvuTkmBJuT5tzlfewUnQ=",
        "owner": "edolstra",
        "repo": "flake-compat",
        "rev": "99f1c2157fba4bfe6211a321fd0ee43199025dbf",
        "type": "github"
      },
      "original": {
        "owner": "edolstra",
        "repo": "flake-compat",
        "type": "github"
      }
    },
    "java": {
      "inputs": {
        "flake-compat": "flake-compat_2",
        "nixpkgs": "nixpkgs",
        "src": "src"
      },
      "locked": {
        "lastModified": 1615887416,
        "narHash": "sha256-ScEcSijFGnvrtsM3Z1TfE5mxM73cuP+nSiJyLBFCED4=",
        "owner": "TawasalMessenger",
        "repo": "jdk-flake",
        "rev": "7f37399b516def5d8d7e024d21a6ceb96923f470",
        "type": "github"
      },
      "original": {
        "owner": "TawasalMessenger",
        "ref": "zing-jdk15.0.1-fp.dev-3418",
        "repo": "jdk-flake",
        "type": "github"
      }
    },
    "nixpkgs": {
      "locked": {
        "lastModified": 1615793345,
        "narHash": "sha256-e9h/ORWKhh9+OMeNgvkyiz8epEMrBD7gkVwgaNAkTqI=",
        "owner": "NixOS",
        "repo": "nixpkgs",
        "rev": "3f74138ce2e97615bb8d50164214ad65c1093867",
        "type": "github"
      },
      "original": {
        "owner": "NixOS",
        "ref": "nixpkgs-unstable",
        "repo": "nixpkgs",
        "type": "github"
      }
    },
    "nixpkgs_2": {
      "locked": {
        "lastModified": 1616259034,
        "narHash": "sha256-WlMIiGIXJm7J+jemzd+ksoun6znWmabCZNz76szV158=",
        "owner": "NixOS",
        "repo": "nixpkgs",
        "rev": "4e0d3868c679da20108db402785f924daa1a7fb5",
        "type": "github"
      },
      "original": {
        "owner": "NixOS",
        "ref": "nixpkgs-unstable",
        "repo": "nixpkgs",
        "type": "github"
      }
    },
    "root": {
      "inputs": {
        "flake-compat": "flake-compat",
        "java": "java",
        "nixpkgs": "nixpkgs_2"
      }
    },
    "src": {
      "flake": false,
      "locked": {
        "narHash": "sha256-pk6oUj7H3EqZ4OFKBZZu9cht1OeIUUvt9T66pJ9v5xs=",
        "type": "tarball",
        "url": "https://cdn.azul.com/zing-zvm/feature-preview/zing99.99.99.99-fp.dev-3418-jdk15.0.1.tar.gz"
      },
      "original": {
        "type": "tarball",
        "url": "https://cdn.azul.com/zing-zvm/feature-preview/zing99.99.99.99-fp.dev-3418-jdk15.0.1.tar.gz"
      }
    }
  },
  "root": "root",
  "version": 7
}
